
Microsoft Visual Studio Solution File, Format Version 12.00
# Visual Studio Version 17
VisualStudioVersion = 17.13.35931.197 d17.13
MinimumVisualStudioVersion = 10.0.40219.1
Project("{FAE04EC0-301F-11D3-BF4B-00C04F79EFBC}") = "OrderApi.Domain", "OrderApi.Domain\OrderApi.Domain.csproj", "{64BB1C64-B5D9-41A3-8EFF-4130E6D2E6DE}"
EndProject
Project("{FAE04EC0-301F-11D3-BF4B-00C04F79EFBC}") = "OrderApi.Application", "OrderApi.Application\OrderApi.Application.csproj", "{B84CED4E-F818-430D-A6D7-109A5E0108FE}"
EndProject
Project("{FAE04EC0-301F-11D3-BF4B-00C04F79EFBC}") = "OrderApi.Infrastructure", "OrderApi.Infrastructure\OrderApi.Infrastructure.csproj", "{D0086771-88F5-4ECA-A75D-41C84D487787}"
EndProject
Project("{FAE04EC0-301F-11D3-BF4B-00C04F79EFBC}") = "OrderApi.Presentation", "OrderApi.Presentation\OrderApi.Presentation.csproj", "{F22B67C0-9400-460E-A296-1AF0FC32CFA7}"
EndProject
Project("{FAE04EC0-301F-11D3-BF4B-00C04F79EFBC}") = "eCommerce.SharedLibrary", "..\DemoECommerce.SharedLibrarySolution\eCommerce.SharedLibrary\eCommerce.SharedLibrary.csproj", "{037A0280-0D01-FF6F-6210-90E1ECB2528E}"
EndProject
Global
	GlobalSection(SolutionConfigurationPlatforms) = preSolution
		Debug|Any CPU = Debug|Any CPU
		Release|Any CPU = Release|Any CPU
	EndGlobalSection
	GlobalSection(ProjectConfigurationPlatforms) = postSolution
		{64BB1C64-B5D9-41A3-8EFF-4130E6D2E6DE}.Debug|Any CPU.ActiveCfg = Debug|Any CPU
		{64BB1C64-B5D9-41A3-8EFF-4130E6D2E6DE}.Debug|Any CPU.Build.0 = Debug|Any CPU
		{64BB1C64-B5D9-41A3-8EFF-4130E6D2E6DE}.Release|Any CPU.ActiveCfg = Release|Any CPU
		{64BB1C64-B5D9-41A3-8EFF-4130E6D2E6DE}.Release|Any CPU.Build.0 = Release|Any CPU
		{B84CED4E-F818-430D-A6D7-109A5E0108FE}.Debug|Any CPU.ActiveCfg = Debug|Any CPU
		{B84CED4E-F818-430D-A6D7-109A5E0108FE}.Debug|Any CPU.Build.0 = Debug|Any CPU
		{B84CED4E-F818-430D-A6D7-109A5E0108FE}.Release|Any CPU.ActiveCfg = Release|Any CPU
		{B84CED4E-F818-430D-A6D7-109A5E0108FE}.Release|Any CPU.Build.0 = Release|Any CPU
		{D0086771-88F5-4ECA-A75D-41C84D487787}.Debug|Any CPU.ActiveCfg = Debug|Any CPU
		{D0086771-88F5-4ECA-A75D-41C84D487787}.Debug|Any CPU.Build.0 = Debug|Any CPU
		{D0086771-88F5-4ECA-A75D-41C84D487787}.Release|Any CPU.ActiveCfg = Release|Any CPU
		{D0086771-88F5-4ECA-A75D-41C84D487787}.Release|Any CPU.Build.0 = Release|Any CPU
		{F22B67C0-9400-460E-A296-1AF0FC32CFA7}.Debug|Any CPU.ActiveCfg = Debug|Any CPU
		{F22B67C0-9400-460E-A296-1AF0FC32CFA7}.Debug|Any CPU.Build.0 = Debug|Any CPU
		{F22B67C0-9400-460E-A296-1AF0FC32CFA7}.Release|Any CPU.ActiveCfg = Release|Any CPU
		{F22B67C0-9400-460E-A296-1AF0FC32CFA7}.Release|Any CPU.Build.0 = Release|Any CPU
		{037A0280-0D01-FF6F-6210-90E1ECB2528E}.Debug|Any CPU.ActiveCfg = Debug|Any CPU
		{037A0280-0D01-FF6F-6210-90E1ECB2528E}.Debug|Any CPU.Build.0 = Debug|Any CPU
		{037A0280-0D01-FF6F-6210-90E1ECB2528E}.Release|Any CPU.ActiveCfg = Release|Any CPU
		{037A0280-0D01-FF6F-6210-90E1ECB2528E}.Release|Any CPU.Build.0 = Release|Any CPU
	EndGlobalSection
	GlobalSection(SolutionProperties) = preSolution
		HideSolutionNode = FALSE
	EndGlobalSection
	GlobalSection(ExtensibilityGlobals) = postSolution
		SolutionGuid = {8ACA5861-8D00-4974-B308-014F3B8EBBD1}
	EndGlobalSection
EndGlobal
